
Microsoft Visual Studio Solution File, Format Version 12.00
# Visual Studio Version 17
VisualStudioVersion = 17.0.31423.177
MinimumVisualStudioVersion = 10.0.40219.1
Project("{FAE04EC0-301F-11D3-BF4B-00C04F79EFBC}") = "PizzaStore", "PizzaStore\PizzaStore.csproj", "{2666C401-71AF-4225-A978-8806DD793B65}"
EndProject
Project("{FAE04EC0-301F-11D3-BF4B-00C04F79EFBC}") = "PizzaStore.Tests", "..\PizzaStore.Tests\PizzaStore.Tests\PizzaStore.Tests.csproj", "{B92F77CD-7129-46DC-A97E-40DA8AFE80BA}"
EndProject
Global
	GlobalSection(SolutionConfigurationPlatforms) = preSolution
		Debug|Any CPU = Debug|Any CPU
		Release|Any CPU = Release|Any CPU
	EndGlobalSection
	GlobalSection(ProjectConfigurationPlatforms) = postSolution
		{2666C401-71AF-4225-A978-8806DD793B65}.Debug|Any CPU.ActiveCfg = Debug|Any CPU
		{2666C401-71AF-4225-A978-8806DD793B65}.Debug|Any CPU.Build.0 = Debug|Any CPU
		{2666C401-71AF-4225-A978-8806DD793B65}.Release|Any CPU.ActiveCfg = Release|Any CPU
		{2666C401-71AF-4225-A978-8806DD793B65}.Release|Any CPU.Build.0 = Release|Any CPU
		{B92F77CD-7129-46DC-A97E-40DA8AFE80BA}.Debug|Any CPU.ActiveCfg = Debug|Any CPU
		{B92F77CD-7129-46DC-A97E-40DA8AFE80BA}.Debug|Any CPU.Build.0 = Debug|Any CPU
		{B92F77CD-7129-46DC-A97E-40DA8AFE80BA}.Release|Any CPU.ActiveCfg = Release|Any CPU
		{B92F77CD-7129-46DC-A97E-40DA8AFE80BA}.Release|Any CPU.Build.0 = Release|Any CPU
	EndGlobalSection
	GlobalSection(SolutionProperties) = preSolution
		HideSolutionNode = FALSE
	EndGlobalSection
	GlobalSection(ExtensibilityGlobals) = postSolution
		SolutionGuid = {4F02C60D-FAC3-48C3-9211-A8792CCC1606}
	EndGlobalSection
EndGlobal
